# This file is automatically @generated by Cargo.
# It is not intended for manual editing.
version = 3

[[package]]
name = "client"
version = "0.1.0"
dependencies = [
 "obfstr",
]

[[package]]
name = "obfstr"
version = "0.4.1"
source = "registry+https://github.com/rust-lang/crates.io-index"
checksum = "43a32982fced7de6834f4583fde19da2db188afbb4ba57bea6f024f7bf40c542"
